// !$*UTF8*$!
{
	archiveVersion = 1;
	classes = {
	};
	objectVersion = 56;
	objects = {

/* Begin PBXBuildFile section */
		E56FC47229941DE8002581BC /* AppDelegate.swift in Sources */ = {isa = PBXBuildFile; fileRef = E56FC47129941DE8002581BC /* AppDelegate.swift */; };
		E56FC47629941DE8002581BC /* ViewController.swift in Sources */ = {isa = PBXBuildFile; fileRef = E56FC47529941DE8002581BC /* ViewController.swift */; };
		E56FC47929941DE8002581BC /* Main.storyboard in Resources */ = {isa = PBXBuildFile; fileRef = E56FC47729941DE8002581BC /* Main.storyboard */; };
		E56FC47B29941DEC002581BC /* Assets.xcassets in Resources */ = {isa = PBXBuildFile; fileRef = E56FC47A29941DEC002581BC /* Assets.xcassets */; };
		E56FC47E29941DEC002581BC /* LaunchScreen.storyboard in Resources */ = {isa = PBXBuildFile; fileRef = E56FC47C29941DEC002581BC /* LaunchScreen.storyboard */; };
		E56FC48A29942173002581BC /* HomeTabBarController.swift in Sources */ = {isa = PBXBuildFile; fileRef = E56FC48929942173002581BC /* HomeTabBarController.swift */; };
		E56FC48D2994220E002581BC /* HomeViewController.swift in Sources */ = {isa = PBXBuildFile; fileRef = E56FC48C2994220E002581BC /* HomeViewController.swift */; };
		E56FC49029942390002581BC /* Ext+UIViewController.swift in Sources */ = {isa = PBXBuildFile; fileRef = E56FC48F29942390002581BC /* Ext+UIViewController.swift */; };
		E56FC4922994249A002581BC /* ScanViewController.swift in Sources */ = {isa = PBXBuildFile; fileRef = E56FC4912994249A002581BC /* ScanViewController.swift */; };
		E56FC49429942535002581BC /* OrderViewController.swift in Sources */ = {isa = PBXBuildFile; fileRef = E56FC49329942535002581BC /* OrderViewController.swift */; };
		E56FC49629942701002581BC /* GiftViewController.swift in Sources */ = {isa = PBXBuildFile; fileRef = E56FC49529942701002581BC /* GiftViewController.swift */; };
		E573427C29B667C8008C85F8 /* UITabBatItemProtocol.swift in Sources */ = {isa = PBXBuildFile; fileRef = E573427B29B667C8008C85F8 /* UITabBatItemProtocol.swift */; };
		E573427E29B6681A008C85F8 /* Ext+UITabBarController.swift in Sources */ = {isa = PBXBuildFile; fileRef = E573427D29B6681A008C85F8 /* Ext+UITabBarController.swift */; };
		E590EA3A299A8D9C00376353 /* HomeHeaderView.swift in Sources */ = {isa = PBXBuildFile; fileRef = E590EA39299A8D9C00376353 /* HomeHeaderView.swift */; };
/* End PBXBuildFile section */

/* Begin PBXFileReference section */
		E56FC46E29941DE8002581BC /* starbucks.app */ = {isa = PBXFileReference; explicitFileType = wrapper.application; includeInIndex = 0; path = starbucks.app; sourceTree = BUILT_PRODUCTS_DIR; };
		E56FC47129941DE8002581BC /* AppDelegate.swift */ = {isa = PBXFileReference; lastKnownFileType = sourcecode.swift; path = AppDelegate.swift; sourceTree = "<group>"; };
		E56FC47529941DE8002581BC /* ViewController.swift */ = {isa = PBXFileReference; lastKnownFileType = sourcecode.swift; path = ViewController.swift; sourceTree = "<group>"; };
		E56FC47829941DE8002581BC /* Base */ = {isa = PBXFileReference; lastKnownFileType = file.storyboard; name = Base; path = Base.lproj/Main.storyboard; sourceTree = "<group>"; };
		E56FC47A29941DEC002581BC /* Assets.xcassets */ = {isa = PBXFileReference; lastKnownFileType = folder.assetcatalog; path = Assets.xcassets; sourceTree = "<group>"; };
		E56FC47D29941DEC002581BC /* Base */ = {isa = PBXFileReference; lastKnownFileType = file.storyboard; name = Base; path = Base.lproj/LaunchScreen.storyboard; sourceTree = "<group>"; };
		E56FC47F29941DEC002581BC /* Info.plist */ = {isa = PBXFileReference; lastKnownFileType = text.plist.xml; path = Info.plist; sourceTree = "<group>"; };
		E56FC48929942173002581BC /* HomeTabBarController.swift */ = {isa = PBXFileReference; lastKnownFileType = sourcecode.swift; path = HomeTabBarController.swift; sourceTree = "<group>"; };
		E56FC48C2994220E002581BC /* HomeViewController.swift */ = {isa = PBXFileReference; lastKnownFileType = sourcecode.swift; path = HomeViewController.swift; sourceTree = "<group>"; };
		E56FC48F29942390002581BC /* Ext+UIViewController.swift */ = {isa = PBXFileReference; lastKnownFileType = sourcecode.swift; path = "Ext+UIViewController.swift"; sourceTree = "<group>"; };
		E56FC4912994249A002581BC /* ScanViewController.swift */ = {isa = PBXFileReference; lastKnownFileType = sourcecode.swift; path = ScanViewController.swift; sourceTree = "<group>"; };
		E56FC49329942535002581BC /* OrderViewController.swift */ = {isa = PBXFileReference; lastKnownFileType = sourcecode.swift; path = OrderViewController.swift; sourceTree = "<group>"; };
		E56FC49529942701002581BC /* GiftViewController.swift */ = {isa = PBXFileReference; lastKnownFileType = sourcecode.swift; path = GiftViewController.swift; sourceTree = "<group>"; };
		E573427B29B667C8008C85F8 /* UITabBatItemProtocol.swift */ = {isa = PBXFileReference; lastKnownFileType = sourcecode.swift; path = UITabBatItemProtocol.swift; sourceTree = "<group>"; };
		E573427D29B6681A008C85F8 /* Ext+UITabBarController.swift */ = {isa = PBXFileReference; lastKnownFileType = sourcecode.swift; path = "Ext+UITabBarController.swift"; sourceTree = "<group>"; };
		E590EA39299A8D9C00376353 /* HomeHeaderView.swift */ = {isa = PBXFileReference; lastKnownFileType = sourcecode.swift; path = HomeHeaderView.swift; sourceTree = "<group>"; };
/* End PBXFileReference section */

/* Begin PBXFrameworksBuildPhase section */
		E56FC46B29941DE8002581BC /* Frameworks */ = {
			isa = PBXFrameworksBuildPhase;
			buildActionMask = 2147483647;
			files = (
			);
			runOnlyForDeploymentPostprocessing = 0;
		};
/* End PBXFrameworksBuildPhase section */

/* Begin PBXGroup section */
		E56FC46529941DE7002581BC = {
			isa = PBXGroup;
			children = (
				E56FC47029941DE8002581BC /* starbucks */,
				E56FC46F29941DE8002581BC /* Products */,
			);
			sourceTree = "<group>";
		};
		E56FC46F29941DE8002581BC /* Products */ = {
			isa = PBXGroup;
			children = (
				E56FC46E29941DE8002581BC /* starbucks.app */,
			);
			name = Products;
			sourceTree = "<group>";
		};
		E56FC47029941DE8002581BC /* starbucks */ = {
			isa = PBXGroup;
			children = (
				E573427A29B667B5008C85F8 /* Protocol */,
				E56FC48E29942372002581BC /* Ext */,
				E56FC485299420BE002581BC /* Feature */,
				E56FC47129941DE8002581BC /* AppDelegate.swift */,
				E56FC47529941DE8002581BC /* ViewController.swift */,
				E56FC47729941DE8002581BC /* Main.storyboard */,
				E56FC47A29941DEC002581BC /* Assets.xcassets */,
				E56FC47C29941DEC002581BC /* LaunchScreen.storyboard */,
				E56FC47F29941DEC002581BC /* Info.plist */,
			);
			path = starbucks;
			sourceTree = "<group>";
		};
		E56FC485299420BE002581BC /* Feature */ = {
			isa = PBXGroup;
			children = (
				E56FC486299420E8002581BC /* Home */,
			);
			path = Feature;
			sourceTree = "<group>";
		};
		E56FC486299420E8002581BC /* Home */ = {
			isa = PBXGroup;
			children = (
				E56FC48B299421EF002581BC /* Views */,
				E56FC48929942173002581BC /* HomeTabBarController.swift */,
			);
			path = Home;
			sourceTree = "<group>";
		};
		E56FC48B299421EF002581BC /* Views */ = {
			isa = PBXGroup;
			children = (
				E590EA35299A8D0A00376353 /* ScanViewController */,
				E590EA34299A8CDF00376353 /* HomeViewController */,
				E56FC49329942535002581BC /* OrderViewController.swift */,
				E56FC49529942701002581BC /* GiftViewController.swift */,
			);
			path = Views;
			sourceTree = "<group>";
		};
		E56FC48E29942372002581BC /* Ext */ = {
			isa = PBXGroup;
			children = (
				E56FC48F29942390002581BC /* Ext+UIViewController.swift */,
				E573427D29B6681A008C85F8 /* Ext+UITabBarController.swift */,
			);
			path = Ext;
			sourceTree = "<group>";
		};
		E573427A29B667B5008C85F8 /* Protocol */ = {
			isa = PBXGroup;
			children = (
				E573427B29B667C8008C85F8 /* UITabBatItemProtocol.swift */,
			);
			path = Protocol;
			sourceTree = "<group>";
		};
		E590EA34299A8CDF00376353 /* HomeViewController */ = {
			isa = PBXGroup;
			children = (
				E590EA36299A8D1F00376353 /* Sections */,
				E56FC48C2994220E002581BC /* HomeViewController.swift */,
			);
			path = HomeViewController;
			sourceTree = "<group>";
		};
		E590EA35299A8D0A00376353 /* ScanViewController */ = {
			isa = PBXGroup;
			children = (
				E56FC4912994249A002581BC /* ScanViewController.swift */,
			);
			path = ScanViewController;
			sourceTree = "<group>";
		};
		E590EA36299A8D1F00376353 /* Sections */ = {
			isa = PBXGroup;
			children = (
				E590EA39299A8D9C00376353 /* HomeHeaderView.swift */,
			);
			path = Sections;
			sourceTree = "<group>";
		};
/* End PBXGroup section */

/* Begin PBXNativeTarget section */
		E56FC46D29941DE8002581BC /* starbucks */ = {
			isa = PBXNativeTarget;
			buildConfigurationList = E56FC48229941DEC002581BC /* Build configuration list for PBXNativeTarget "starbucks" */;
			buildPhases = (
				E56FC46A29941DE8002581BC /* Sources */,
				E56FC46B29941DE8002581BC /* Frameworks */,
				E56FC46C29941DE8002581BC /* Resources */,
			);
			buildRules = (
			);
			dependencies = (
			);
			name = starbucks;
			productName = starbucks;
			productReference = E56FC46E29941DE8002581BC /* starbucks.app */;
			productType = "com.apple.product-type.application";
		};
/* End PBXNativeTarget section */

/* Begin PBXProject section */
		E56FC46629941DE7002581BC /* Project object */ = {
			isa = PBXProject;
			attributes = {
				BuildIndependentTargetsInParallel = 1;
				LastSwiftUpdateCheck = 1420;
				LastUpgradeCheck = 1420;
				TargetAttributes = {
					E56FC46D29941DE8002581BC = {
						CreatedOnToolsVersion = 14.2;
					};
				};
			};
			buildConfigurationList = E56FC46929941DE7002581BC /* Build configuration list for PBXProject "starbucks" */;
			compatibilityVersion = "Xcode 14.0";
			developmentRegion = en;
			hasScannedForEncodings = 0;
			knownRegions = (
				en,
				Base,
			);
			mainGroup = E56FC46529941DE7002581BC;
			productRefGroup = E56FC46F29941DE8002581BC /* Products */;
			projectDirPath = "";
			projectRoot = "";
			targets = (
				E56FC46D29941DE8002581BC /* starbucks */,
			);
		};
/* End PBXProject section */

/* Begin PBXResourcesBuildPhase section */
		E56FC46C29941DE8002581BC /* Resources */ = {
			isa = PBXResourcesBuildPhase;
			buildActionMask = 2147483647;
			files = (
				E56FC47E29941DEC002581BC /* LaunchScreen.storyboard in Resources */,
				E56FC47B29941DEC002581BC /* Assets.xcassets in Resources */,
				E56FC47929941DE8002581BC /* Main.storyboard in Resources */,
			);
			runOnlyForDeploymentPostprocessing = 0;
		};
/* End PBXResourcesBuildPhase section */

/* Begin PBXSourcesBuildPhase section */
		E56FC46A29941DE8002581BC /* Sources */ = {
			isa = PBXSourcesBuildPhase;
			buildActionMask = 2147483647;
			files = (
				E56FC47629941DE8002581BC /* ViewController.swift in Sources */,
				E56FC47229941DE8002581BC /* AppDelegate.swift in Sources */,
				E573427E29B6681A008C85F8 /* Ext+UITabBarController.swift in Sources */,
				E56FC49029942390002581BC /* Ext+UIViewController.swift in Sources */,
				E590EA3A299A8D9C00376353 /* HomeHeaderView.swift in Sources */,
				E573427C29B667C8008C85F8 /* UITabBatItemProtocol.swift in Sources */,
				E56FC49429942535002581BC /* OrderViewController.swift in Sources */,
				E56FC49629942701002581BC /* GiftViewController.swift in Sources */,
				E56FC48A29942173002581BC /* HomeTabBarController.swift in Sources */,
				E56FC48D2994220E002581BC /* HomeViewController.swift in Sources */,
				E56FC4922994249A002581BC /* ScanViewController.swift in Sources */,
			);
			runOnlyForDeploymentPostprocessing = 0;
		};
/* End PBXSourcesBuildPhase section */

/* Begin PBXVariantGroup section */
		E56FC47729941DE8002581BC /* Main.storyboard */ = {
			isa = PBXVariantGroup;
			children = (
				E56FC47829941DE8002581BC /* Base */,
			);
			name = Main.storyboard;
			sourceTree = "<group>";
		};
		E56FC47C29941DEC002581BC /* LaunchScreen.storyboard */ = {
			isa = PBXVariantGroup;
			children = (
				E56FC47D29941DEC002581BC /* Base */,
			);
			name = LaunchScreen.storyboard;
			sourceTree = "<group>";
		};
/* End PBXVariantGroup section */

/* Begin XCBuildConfiguration section */
		E56FC48029941DEC002581BC /* Debug */ = {
			isa = XCBuildConfiguration;
			buildSettings = {
				ALWAYS_SEARCH_USER_PATHS = NO;
				CLANG_ANALYZER_NONNULL = YES;
				CLANG_ANALYZER_NUMBER_OBJECT_CONVERSION = YES_AGGRESSIVE;
				CLANG_CXX_LANGUAGE_STANDARD = "gnu++20";
				CLANG_ENABLE_MODULES = YES;
				CLANG_ENABLE_OBJC_ARC = YES;
				CLANG_ENABLE_OBJC_WEAK = YES;
				CLANG_WARN_BLOCK_CAPTURE_AUTORELEASING = YES;
				CLANG_WARN_BOOL_CONVERSION = YES;
				CLANG_WARN_COMMA = YES;
				CLANG_WARN_CONSTANT_CONVERSION = YES;
				CLANG_WARN_DEPRECATED_OBJC_IMPLEMENTATIONS = YES;
				CLANG_WARN_DIRECT_OBJC_ISA_USAGE = YES_ERROR;
				CLANG_WARN_DOCUMENTATION_COMMENTS = YES;
				CLANG_WARN_EMPTY_BODY = YES;
				CLANG_WARN_ENUM_CONVERSION = YES;
				CLANG_WARN_INFINITE_RECURSION = YES;
				CLANG_WARN_INT_CONVERSION = YES;
				CLANG_WARN_NON_LITERAL_NULL_CONVERSION = YES;
				CLANG_WARN_OBJC_IMPLICIT_RETAIN_SELF = YES;
				CLANG_WARN_OBJC_LITERAL_CONVERSION = YES;
				CLANG_WARN_OBJC_ROOT_CLASS = YES_ERROR;
				CLANG_WARN_QUOTED_INCLUDE_IN_FRAMEWORK_HEADER = YES;
				CLANG_WARN_RANGE_LOOP_ANALYSIS = YES;
				CLANG_WARN_STRICT_PROTOTYPES = YES;
				CLANG_WARN_SUSPICIOUS_MOVE = YES;
				CLANG_WARN_UNGUARDED_AVAILABILITY = YES_AGGRESSIVE;
				CLANG_WARN_UNREACHABLE_CODE = YES;
				CLANG_WARN__DUPLICATE_METHOD_MATCH = YES;
				COPY_PHASE_STRIP = NO;
				DEBUG_INFORMATION_FORMAT = dwarf;
				ENABLE_STRICT_OBJC_MSGSEND = YES;
				ENABLE_TESTABILITY = YES;
				GCC_C_LANGUAGE_STANDARD = gnu11;
				GCC_DYNAMIC_NO_PIC = NO;
				GCC_NO_COMMON_BLOCKS = YES;
				GCC_OPTIMIZATION_LEVEL = 0;
				GCC_PREPROCESSOR_DEFINITIONS = (
					"DEBUG=1",
					"$(inherited)",
				);
				GCC_WARN_64_TO_32_BIT_CONVERSION = YES;
				GCC_WARN_ABOUT_RETURN_TYPE = YES_ERROR;
				GCC_WARN_UNDECLARED_SELECTOR = YES;
				GCC_WARN_UNINITIALIZED_AUTOS = YES_AGGRESSIVE;
				GCC_WARN_UNUSED_FUNCTION = YES;
				GCC_WARN_UNUSED_VARIABLE = YES;
				IPHONEOS_DEPLOYMENT_TARGET = 16.2;
				MTL_ENABLE_DEBUG_INFO = INCLUDE_SOURCE;
				MTL_FAST_MATH = YES;
				ONLY_ACTIVE_ARCH = YES;
				SDKROOT = iphoneos;
				SWIFT_ACTIVE_COMPILATION_CONDITIONS = DEBUG;
				SWIFT_OPTIMIZATION_LEVEL = "-Onone";
			};
			name = Debug;
		};
		E56FC48129941DEC002581BC /* Release */ = {
			isa = XCBuildConfiguration;
			buildSettings = {
				ALWAYS_SEARCH_USER_PATHS = NO;
				CLANG_ANALYZER_NONNULL = YES;
				CLANG_ANALYZER_NUMBER_OBJECT_CONVERSION = YES_AGGRESSIVE;
				CLANG_CXX_LANGUAGE_STANDARD = "gnu++20";
				CLANG_ENABLE_MODULES = YES;
				CLANG_ENABLE_OBJC_ARC = YES;
				CLANG_ENABLE_OBJC_WEAK = YES;
				CLANG_WARN_BLOCK_CAPTURE_AUTORELEASING = YES;
				CLANG_WARN_BOOL_CONVERSION = YES;
				CLANG_WARN_COMMA = YES;
				CLANG_WARN_CONSTANT_CONVERSION = YES;
				CLANG_WARN_DEPRECATED_OBJC_IMPLEMENTATIONS = YES;
				CLANG_WARN_DIRECT_OBJC_ISA_USAGE = YES_ERROR;
				CLANG_WARN_DOCUMENTATION_COMMENTS = YES;
				CLANG_WARN_EMPTY_BODY = YES;
				CLANG_WARN_ENUM_CONVERSION = YES;
				CLANG_WARN_INFINITE_RECURSION = YES;
				CLANG_WARN_INT_CONVERSION = YES;
				CLANG_WARN_NON_LITERAL_NULL_CONVERSION = YES;
				CLANG_WARN_OBJC_IMPLICIT_RETAIN_SELF = YES;
				CLANG_WARN_OBJC_LITERAL_CONVERSION = YES;
				CLANG_WARN_OBJC_ROOT_CLASS = YES_ERROR;
				CLANG_WARN_QUOTED_INCLUDE_IN_FRAMEWORK_HEADER = YES;
				CLANG_WARN_RANGE_LOOP_ANALYSIS = YES;
				CLANG_WARN_STRICT_PROTOTYPES = YES;
				CLANG_WARN_SUSPICIOUS_MOVE = YES;
				CLANG_WARN_UNGUARDED_AVAILABILITY = YES_AGGRESSIVE;
				CLANG_WARN_UNREACHABLE_CODE = YES;
				CLANG_WARN__DUPLICATE_METHOD_MATCH = YES;
				COPY_PHASE_STRIP = NO;
				DEBUG_INFORMATION_FORMAT = "dwarf-with-dsym";
				ENABLE_NS_ASSERTIONS = NO;
				ENABLE_STRICT_OBJC_MSGSEND = YES;
				GCC_C_LANGUAGE_STANDARD = gnu11;
				GCC_NO_COMMON_BLOCKS = YES;
				GCC_WARN_64_TO_32_BIT_CONVERSION = YES;
				GCC_WARN_ABOUT_RETURN_TYPE = YES_ERROR;
				GCC_WARN_UNDECLARED_SELECTOR = YES;
				GCC_WARN_UNINITIALIZED_AUTOS = YES_AGGRESSIVE;
				GCC_WARN_UNUSED_FUNCTION = YES;
				GCC_WARN_UNUSED_VARIABLE = YES;
				IPHONEOS_DEPLOYMENT_TARGET = 16.2;
				MTL_ENABLE_DEBUG_INFO = NO;
				MTL_FAST_MATH = YES;
				SDKROOT = iphoneos;
				SWIFT_COMPILATION_MODE = wholemodule;
				SWIFT_OPTIMIZATION_LEVEL = "-O";
				VALIDATE_PRODUCT = YES;
			};
			name = Release;
		};
		E56FC48329941DEC002581BC /* Debug */ = {
			isa = XCBuildConfiguration;
			buildSettings = {
				ASSETCATALOG_COMPILER_APPICON_NAME = AppIcon;
				ASSETCATALOG_COMPILER_GLOBAL_ACCENT_COLOR_NAME = AccentColor;
				CODE_SIGN_STYLE = Automatic;
				CURRENT_PROJECT_VERSION = 1;
				GENERATE_INFOPLIST_FILE = YES;
				INFOPLIST_FILE = starbucks/Info.plist;
				INFOPLIST_KEY_UIApplicationSupportsIndirectInputEvents = YES;
				INFOPLIST_KEY_UILaunchStoryboardName = LaunchScreen.storyboard;
				INFOPLIST_KEY_UIMainStoryboardFile = Main;
				INFOPLIST_KEY_UISupportedInterfaceOrientations_iPad = "UIInterfaceOrientationPortrait UIInterfaceOrientationPortraitUpsideDown UIInterfaceOrientationLandscapeLeft UIInterfaceOrientationLandscapeRight";
				INFOPLIST_KEY_UISupportedInterfaceOrientations_iPhone = "UIInterfaceOrientationPortrait UIInterfaceOrientationLandscapeLeft UIInterfaceOrientationLandscapeRight";
				IPHONEOS_DEPLOYMENT_TARGET = 13.0;
				LD_RUNPATH_SEARCH_PATHS = (
					"$(inherited)",
					"@executable_path/Frameworks",
				);
				MARKETING_VERSION = 1.0;
				PRODUCT_BUNDLE_IDENTIFIER = com.minhaorg.starbucks;
				PRODUCT_NAME = "$(TARGET_NAME)";
				SWIFT_EMIT_LOC_STRINGS = YES;
				SWIFT_VERSION = 5.0;
				TARGETED_DEVICE_FAMILY = "1,2";
			};
			name = Debug;
		};
		E56FC48429941DEC002581BC /* Release */ = {
			isa = XCBuildConfiguration;
			buildSettings = {
				ASSETCATALOG_COMPILER_APPICON_NAME = AppIcon;
				ASSETCATALOG_COMPILER_GLOBAL_ACCENT_COLOR_NAME = AccentColor;
				CODE_SIGN_STYLE = Automatic;
				CURRENT_PROJECT_VERSION = 1;
				GENERATE_INFOPLIST_FILE = YES;
				INFOPLIST_FILE = starbucks/Info.plist;
				INFOPLIST_KEY_UIApplicationSupportsIndirectInputEvents = YES;
				INFOPLIST_KEY_UILaunchStoryboardName = LaunchScreen.storyboard;
				INFOPLIST_KEY_UIMainStoryboardFile = Main;
				INFOPLIST_KEY_UISupportedInterfaceOrientations_iPad = "UIInterfaceOrientationPortrait UIInterfaceOrientationPortraitUpsideDown UIInterfaceOrientationLandscapeLeft UIInterfaceOrientationLandscapeRight";
				INFOPLIST_KEY_UISupportedInterfaceOrientations_iPhone = "UIInterfaceOrientationPortrait UIInterfaceOrientationLandscapeLeft UIInterfaceOrientationLandscapeRight";
				IPHONEOS_DEPLOYMENT_TARGET = 13.0;
				LD_RUNPATH_SEARCH_PATHS = (
					"$(inherited)",
					"@executable_path/Frameworks",
				);
				MARKETING_VERSION = 1.0;
				PRODUCT_BUNDLE_IDENTIFIER = com.minhaorg.starbucks;
				PRODUCT_NAME = "$(TARGET_NAME)";
				SWIFT_EMIT_LOC_STRINGS = YES;
				SWIFT_VERSION = 5.0;
				TARGETED_DEVICE_FAMILY = "1,2";
			};
			name = Release;
		};
/* End XCBuildConfiguration section */

/* Begin XCConfigurationList section */
		E56FC46929941DE7002581BC /* Build configuration list for PBXProject "starbucks" */ = {
			isa = XCConfigurationList;
			buildConfigurations = (
				E56FC48029941DEC002581BC /* Debug */,
				E56FC48129941DEC002581BC /* Release */,
			);
			defaultConfigurationIsVisible = 0;
			defaultConfigurationName = Release;
		};
		E56FC48229941DEC002581BC /* Build configuration list for PBXNativeTarget "starbucks" */ = {
			isa = XCConfigurationList;
			buildConfigurations = (
				E56FC48329941DEC002581BC /* Debug */,
				E56FC48429941DEC002581BC /* Release */,
			);
			defaultConfigurationIsVisible = 0;
			defaultConfigurationName = Release;
		};
/* End XCConfigurationList section */
	};
	rootObject = E56FC46629941DE7002581BC /* Project object */;
}
